
Microsoft Visual Studio Solution File, Format Version 12.00
# Visual Studio Version 16
VisualStudioVersion = 16.0.29613.14
MinimumVisualStudioVersion = 10.0.40219.1
Project("{2150E333-8FDC-42A3-9474-1A3956D46DE8}") = "Domain", "Domain", "{F82BC45F-DFC2-4283-A687-5A903ECB3A8B}"
EndProject
Project("{2150E333-8FDC-42A3-9474-1A3956D46DE8}") = "Infra.Bus", "Infra.Bus", "{6DA8425F-2DF0-40FA-85D2-A6C6C8B15F9B}"
EndProject
Project("{2150E333-8FDC-42A3-9474-1A3956D46DE8}") = "Infra.Ioc", "Infra.Ioc", "{FD5409A1-4A43-42B4-888E-AF75ACEDD69F}"
EndProject
Project("{2150E333-8FDC-42A3-9474-1A3956D46DE8}") = "MIcroservices", "MIcroservices", "{FC51CAE3-912B-4D60-88C9-983E13EB14BB}"
EndProject
Project("{2150E333-8FDC-42A3-9474-1A3956D46DE8}") = "Presentation", "Presentation", "{11D0429F-D885-4B0B-9967-AF45E5BCCE27}"
EndProject
Project("{9A19103F-16F7-4668-BE54-9A1E7A4F7556}") = "MicroRabbit.Domain.Core", "MicroRabbit.Domain.Core\MicroRabbit.Domain.Core.csproj", "{CD65D4A9-D206-4E3E-A541-E88AA71F3C9F}"
EndProject
Project("{9A19103F-16F7-4668-BE54-9A1E7A4F7556}") = "MicroRabbit.Infra.Bus", "MicroRabbit.Infra.Bus\MicroRabbit.Infra.Bus.csproj", "{923A2719-CA2C-4AD4-B450-BC526465003B}"
EndProject
Project("{9A19103F-16F7-4668-BE54-9A1E7A4F7556}") = "MicroRabbit.Infra.IoC", "MicroRabbit.Infra.IoC\MicroRabbit.Infra.IoC.csproj", "{411F2308-B73D-4629-A4FC-41488D345F22}"
EndProject
Project("{2150E333-8FDC-42A3-9474-1A3956D46DE8}") = "Banking", "Banking", "{4974D21C-B872-438D-A9CD-FA94FE8F2AAF}"
EndProject
Project("{2150E333-8FDC-42A3-9474-1A3956D46DE8}") = "Api", "Api", "{3010A9A6-1D3D-49F8-B353-FAAAA7C48169}"
EndProject
Project("{2150E333-8FDC-42A3-9474-1A3956D46DE8}") = "Application", "Application", "{794B0DEB-72ED-4E77-BF62-429EDA3D5EB3}"
EndProject
Project("{2150E333-8FDC-42A3-9474-1A3956D46DE8}") = "Data", "Data", "{712C9091-3D6E-4C41-B9C7-41C967044AE0}"
EndProject
Project("{2150E333-8FDC-42A3-9474-1A3956D46DE8}") = "Domain", "Domain", "{D92EC002-D76E-4704-B0B9-A6FB99808841}"
EndProject
Project("{FAE04EC0-301F-11D3-BF4B-00C04F79EFBC}") = "MicroRabbit.Banking.Api", "MicroRabbit.Banking.Api\MicroRabbit.Banking.Api.csproj", "{5BABE00D-F2EB-4F4A-9B6C-0595D866D108}"
EndProject
Project("{FAE04EC0-301F-11D3-BF4B-00C04F79EFBC}") = "MicroRabbit.Banking.Application", "MicroRabbit.Banking.Application\MicroRabbit.Banking.Application.csproj", "{F34750FB-431A-4A8B-82DE-ED95E39CECD2}"
EndProject
Project("{FAE04EC0-301F-11D3-BF4B-00C04F79EFBC}") = "MicroRabbit.Banking.Data", "MicroRabbit.Banking.Data\MicroRabbit.Banking.Data.csproj", "{6DED6C6D-C9D4-4CAA-A97C-BF0FFAF74351}"
EndProject
Project("{FAE04EC0-301F-11D3-BF4B-00C04F79EFBC}") = "MicroRabbit.Banking.Domain", "MicroRabbit.Banking.Domain\MicroRabbit.Banking.Domain.csproj", "{ACC171CB-3C2C-4E90-9840-DFFFCE1CAF5E}"
EndProject
Global
	GlobalSection(SolutionConfigurationPlatforms) = preSolution
		Debug|Any CPU = Debug|Any CPU
		Release|Any CPU = Release|Any CPU
	EndGlobalSection
	GlobalSection(ProjectConfigurationPlatforms) = postSolution
		{CD65D4A9-D206-4E3E-A541-E88AA71F3C9F}.Debug|Any CPU.ActiveCfg = Debug|Any CPU
		{CD65D4A9-D206-4E3E-A541-E88AA71F3C9F}.Debug|Any CPU.Build.0 = Debug|Any CPU
		{CD65D4A9-D206-4E3E-A541-E88AA71F3C9F}.Release|Any CPU.ActiveCfg = Release|Any CPU
		{CD65D4A9-D206-4E3E-A541-E88AA71F3C9F}.Release|Any CPU.Build.0 = Release|Any CPU
		{923A2719-CA2C-4AD4-B450-BC526465003B}.Debug|Any CPU.ActiveCfg = Debug|Any CPU
		{923A2719-CA2C-4AD4-B450-BC526465003B}.Debug|Any CPU.Build.0 = Debug|Any CPU
		{923A2719-CA2C-4AD4-B450-BC526465003B}.Release|Any CPU.ActiveCfg = Release|Any CPU
		{923A2719-CA2C-4AD4-B450-BC526465003B}.Release|Any CPU.Build.0 = Release|Any CPU
		{411F2308-B73D-4629-A4FC-41488D345F22}.Debug|Any CPU.ActiveCfg = Debug|Any CPU
		{411F2308-B73D-4629-A4FC-41488D345F22}.Debug|Any CPU.Build.0 = Debug|Any CPU
		{411F2308-B73D-4629-A4FC-41488D345F22}.Release|Any CPU.ActiveCfg = Release|Any CPU
		{411F2308-B73D-4629-A4FC-41488D345F22}.Release|Any CPU.Build.0 = Release|Any CPU
		{5BABE00D-F2EB-4F4A-9B6C-0595D866D108}.Debug|Any CPU.ActiveCfg = Debug|Any CPU
		{5BABE00D-F2EB-4F4A-9B6C-0595D866D108}.Debug|Any CPU.Build.0 = Debug|Any CPU
		{5BABE00D-F2EB-4F4A-9B6C-0595D866D108}.Release|Any CPU.ActiveCfg = Release|Any CPU
		{5BABE00D-F2EB-4F4A-9B6C-0595D866D108}.Release|Any CPU.Build.0 = Release|Any CPU
		{F34750FB-431A-4A8B-82DE-ED95E39CECD2}.Debug|Any CPU.ActiveCfg = Debug|Any CPU
		{F34750FB-431A-4A8B-82DE-ED95E39CECD2}.Debug|Any CPU.Build.0 = Debug|Any CPU
		{F34750FB-431A-4A8B-82DE-ED95E39CECD2}.Release|Any CPU.ActiveCfg = Release|Any CPU
		{F34750FB-431A-4A8B-82DE-ED95E39CECD2}.Release|Any CPU.Build.0 = Release|Any CPU
		{6DED6C6D-C9D4-4CAA-A97C-BF0FFAF74351}.Debug|Any CPU.ActiveCfg = Debug|Any CPU
		{6DED6C6D-C9D4-4CAA-A97C-BF0FFAF74351}.Debug|Any CPU.Build.0 = Debug|Any CPU
		{6DED6C6D-C9D4-4CAA-A97C-BF0FFAF74351}.Release|Any CPU.ActiveCfg = Release|Any CPU
		{6DED6C6D-C9D4-4CAA-A97C-BF0FFAF74351}.Release|Any CPU.Build.0 = Release|Any CPU
		{ACC171CB-3C2C-4E90-9840-DFFFCE1CAF5E}.Debug|Any CPU.ActiveCfg = Debug|Any CPU
		{ACC171CB-3C2C-4E90-9840-DFFFCE1CAF5E}.Debug|Any CPU.Build.0 = Debug|Any CPU
		{ACC171CB-3C2C-4E90-9840-DFFFCE1CAF5E}.Release|Any CPU.ActiveCfg = Release|Any CPU
		{ACC171CB-3C2C-4E90-9840-DFFFCE1CAF5E}.Release|Any CPU.Build.0 = Release|Any CPU
	EndGlobalSection
	GlobalSection(SolutionProperties) = preSolution
		HideSolutionNode = FALSE
	EndGlobalSection
	GlobalSection(NestedProjects) = preSolution
		{CD65D4A9-D206-4E3E-A541-E88AA71F3C9F} = {F82BC45F-DFC2-4283-A687-5A903ECB3A8B}
		{923A2719-CA2C-4AD4-B450-BC526465003B} = {6DA8425F-2DF0-40FA-85D2-A6C6C8B15F9B}
		{411F2308-B73D-4629-A4FC-41488D345F22} = {FD5409A1-4A43-42B4-888E-AF75ACEDD69F}
		{4974D21C-B872-438D-A9CD-FA94FE8F2AAF} = {FC51CAE3-912B-4D60-88C9-983E13EB14BB}
		{3010A9A6-1D3D-49F8-B353-FAAAA7C48169} = {4974D21C-B872-438D-A9CD-FA94FE8F2AAF}
		{794B0DEB-72ED-4E77-BF62-429EDA3D5EB3} = {4974D21C-B872-438D-A9CD-FA94FE8F2AAF}
		{712C9091-3D6E-4C41-B9C7-41C967044AE0} = {4974D21C-B872-438D-A9CD-FA94FE8F2AAF}
		{D92EC002-D76E-4704-B0B9-A6FB99808841} = {4974D21C-B872-438D-A9CD-FA94FE8F2AAF}
		{5BABE00D-F2EB-4F4A-9B6C-0595D866D108} = {3010A9A6-1D3D-49F8-B353-FAAAA7C48169}
		{F34750FB-431A-4A8B-82DE-ED95E39CECD2} = {794B0DEB-72ED-4E77-BF62-429EDA3D5EB3}
		{6DED6C6D-C9D4-4CAA-A97C-BF0FFAF74351} = {712C9091-3D6E-4C41-B9C7-41C967044AE0}
		{ACC171CB-3C2C-4E90-9840-DFFFCE1CAF5E} = {D92EC002-D76E-4704-B0B9-A6FB99808841}
	EndGlobalSection
	GlobalSection(ExtensibilityGlobals) = postSolution
		SolutionGuid = {10B14C36-1BCE-4901-9039-A1FB18A3F23A}
	EndGlobalSection
EndGlobal
